
Microsoft Visual Studio Solution File, Format Version 12.00
# Visual Studio Version 17
VisualStudioVersion = 17.14.36908.2
MinimumVisualStudioVersion = 10.0.40219.1
Project("{2150E333-8FDC-42A3-9474-1A3956D46DE8}") = "src", "src", "{02EA681E-C7D8-13C7-8484-4AC65E1B71E8}"
EndProject
Project("{2150E333-8FDC-42A3-9474-1A3956D46DE8}") = "test", "test", "{59F2C0FD-1D76-4B89-8B68-96A189E25F14}"
EndProject
Project("{FAE04EC0-301F-11D3-BF4B-00C04F79EFBC}") = "Inkukan.Api", "Inkukan.Api\Inkukan.Api.csproj", "{8B2F7957-1C95-D623-9649-3F168FF5B731}"
EndProject
Project("{FAE04EC0-301F-11D3-BF4B-00C04F79EFBC}") = "Inkukan.Application", "Inkukan.Application\Inkukan.Application.csproj", "{C9336431-F275-EED3-A2C1-81AF4EB72E5D}"
EndProject
Project("{FAE04EC0-301F-11D3-BF4B-00C04F79EFBC}") = "Inkukan.Domain", "Inkukan.Domain\Inkukan.Domain.csproj", "{91E24448-C084-FA81-B4E1-599B676C9446}"
EndProject
Project("{FAE04EC0-301F-11D3-BF4B-00C04F79EFBC}") = "Inkukan.Infrastructure", "Inkukan.Infrastructure\Inkukan.Infrastructure.csproj", "{980C53F9-6517-D814-E7DA-2CAA11079E4E}"
EndProject
Project("{FAE04EC0-301F-11D3-BF4B-00C04F79EFBC}") = "Inkukan.Infrastructure.Tests", "Inkukan.Infrastructure.Tests\Inkukan.Infrastructure.Tests.csproj", "{24F954CA-A8F5-3806-C154-7C5E594C0B2C}"
EndProject
Project("{FAE04EC0-301F-11D3-BF4B-00C04F79EFBC}") = "Inkukan.Application.Tests", "Inkukan.Application.Tests\Inkukan.Application.Tests.csproj", "{6A8906F7-BA15-EAE9-48F7-646E8C057B1C}"
EndProject
Global
	GlobalSection(SolutionConfigurationPlatforms) = preSolution
		Debug|Any CPU = Debug|Any CPU
		Release|Any CPU = Release|Any CPU
	EndGlobalSection
	GlobalSection(ProjectConfigurationPlatforms) = postSolution
		{8B2F7957-1C95-D623-9649-3F168FF5B731}.Debug|Any CPU.ActiveCfg = Debug|Any CPU
		{8B2F7957-1C95-D623-9649-3F168FF5B731}.Debug|Any CPU.Build.0 = Debug|Any CPU
		{8B2F7957-1C95-D623-9649-3F168FF5B731}.Release|Any CPU.ActiveCfg = Release|Any CPU
		{8B2F7957-1C95-D623-9649-3F168FF5B731}.Release|Any CPU.Build.0 = Release|Any CPU
		{C9336431-F275-EED3-A2C1-81AF4EB72E5D}.Debug|Any CPU.ActiveCfg = Debug|Any CPU
		{C9336431-F275-EED3-A2C1-81AF4EB72E5D}.Debug|Any CPU.Build.0 = Debug|Any CPU
		{C9336431-F275-EED3-A2C1-81AF4EB72E5D}.Release|Any CPU.ActiveCfg = Release|Any CPU
		{C9336431-F275-EED3-A2C1-81AF4EB72E5D}.Release|Any CPU.Build.0 = Release|Any CPU
		{91E24448-C084-FA81-B4E1-599B676C9446}.Debug|Any CPU.ActiveCfg = Debug|Any CPU
		{91E24448-C084-FA81-B4E1-599B676C9446}.Debug|Any CPU.Build.0 = Debug|Any CPU
		{91E24448-C084-FA81-B4E1-599B676C9446}.Release|Any CPU.ActiveCfg = Release|Any CPU
		{91E24448-C084-FA81-B4E1-599B676C9446}.Release|Any CPU.Build.0 = Release|Any CPU
		{980C53F9-6517-D814-E7DA-2CAA11079E4E}.Debug|Any CPU.ActiveCfg = Debug|Any CPU
		{980C53F9-6517-D814-E7DA-2CAA11079E4E}.Debug|Any CPU.Build.0 = Debug|Any CPU
		{980C53F9-6517-D814-E7DA-2CAA11079E4E}.Release|Any CPU.ActiveCfg = Release|Any CPU
		{980C53F9-6517-D814-E7DA-2CAA11079E4E}.Release|Any CPU.Build.0 = Release|Any CPU
		{24F954CA-A8F5-3806-C154-7C5E594C0B2C}.Debug|Any CPU.ActiveCfg = Debug|Any CPU
		{24F954CA-A8F5-3806-C154-7C5E594C0B2C}.Debug|Any CPU.Build.0 = Debug|Any CPU
		{24F954CA-A8F5-3806-C154-7C5E594C0B2C}.Release|Any CPU.ActiveCfg = Release|Any CPU
		{24F954CA-A8F5-3806-C154-7C5E594C0B2C}.Release|Any CPU.Build.0 = Release|Any CPU
		{6A8906F7-BA15-EAE9-48F7-646E8C057B1C}.Debug|Any CPU.ActiveCfg = Debug|Any CPU
		{6A8906F7-BA15-EAE9-48F7-646E8C057B1C}.Debug|Any CPU.Build.0 = Debug|Any CPU
		{6A8906F7-BA15-EAE9-48F7-646E8C057B1C}.Release|Any CPU.ActiveCfg = Release|Any CPU
		{6A8906F7-BA15-EAE9-48F7-646E8C057B1C}.Release|Any CPU.Build.0 = Release|Any CPU
	EndGlobalSection
	GlobalSection(SolutionProperties) = preSolution
		HideSolutionNode = FALSE
	EndGlobalSection
	GlobalSection(NestedProjects) = preSolution
		{8B2F7957-1C95-D623-9649-3F168FF5B731} = {02EA681E-C7D8-13C7-8484-4AC65E1B71E8}
		{C9336431-F275-EED3-A2C1-81AF4EB72E5D} = {02EA681E-C7D8-13C7-8484-4AC65E1B71E8}
		{91E24448-C084-FA81-B4E1-599B676C9446} = {02EA681E-C7D8-13C7-8484-4AC65E1B71E8}
		{980C53F9-6517-D814-E7DA-2CAA11079E4E} = {02EA681E-C7D8-13C7-8484-4AC65E1B71E8}
		{24F954CA-A8F5-3806-C154-7C5E594C0B2C} = {59F2C0FD-1D76-4B89-8B68-96A189E25F14}
		{6A8906F7-BA15-EAE9-48F7-646E8C057B1C} = {59F2C0FD-1D76-4B89-8B68-96A189E25F14}
	EndGlobalSection
	GlobalSection(ExtensibilityGlobals) = postSolution
		SolutionGuid = {8B1D244E-1FFF-4FB5-9F99-98405742361D}
	EndGlobalSection
EndGlobal
